// !$*UTF8*$!
{
	archiveVersion = 1;
	classes = {
	};
	objectVersion = 46;
	objects = {

/* Begin PBXBuildFile section */
		9384A36024AF37C000C4357D /* filemgr.cxx in Sources */ = {isa = PBXBuildFile; fileRef = 9384A34224AF37BF00C4357D /* filemgr.cxx */; };
		9384A36124AF37C000C4357D /* hunspell.cxx in Sources */ = {isa = PBXBuildFile; fileRef = 9384A34324AF37BF00C4357D /* hunspell.cxx */; };
		9384A36224AF37C000C4357D /* suggestmgr.cxx in Sources */ = {isa = PBXBuildFile; fileRef = 9384A34724AF37C000C4357D /* suggestmgr.cxx */; };
		9384A36424AF37C000C4357D /* hunzip.cxx in Sources */ = {isa = PBXBuildFile; fileRef = 9384A35024AF37C000C4357D /* hunzip.cxx */; };
		9384A36524AF37C000C4357D /* csutil.cxx in Sources */ = {isa = PBXBuildFile; fileRef = 9384A35224AF37C000C4357D /* csutil.cxx */; };
		9384A36624AF37C000C4357D /* hashmgr.cxx in Sources */ = {isa = PBXBuildFile; fileRef = 9384A35324AF37C000C4357D /* hashmgr.cxx */; };
		9384A36724AF37C000C4357D /* affixmgr.cxx in Sources */ = {isa = PBXBuildFile; fileRef = 9384A35524AF37C000C4357D /* affixmgr.cxx */; };
		9384A36824AF37C000C4357D /* affentry.cxx in Sources */ = {isa = PBXBuildFile; fileRef = 9384A35824AF37C000C4357D /* affentry.cxx */; };
		9384A36A24AF37C000C4357D /* replist.cxx in Sources */ = {isa = PBXBuildFile; fileRef = 9384A35D24AF37C000C4357D /* replist.cxx */; };
		9384A36B24AF37C000C4357D /* phonet.cxx in Sources */ = {isa = PBXBuildFile; fileRef = 9384A35F24AF37C000C4357D /* phonet.cxx */; };
		93AFEDC124AD318B006D328A /* Pareizrakstiba.icns in Resources */ = {isa = PBXBuildFile; fileRef = 93AFEDB724AD318B006D328A /* Pareizrakstiba.icns */; };
		93AFEDC924ADC590006D328A /* PareizrakstibaDelegate.mm in Sources */ = {isa = PBXBuildFile; fileRef = 93AFEDBD24AD318B006D328A /* PareizrakstibaDelegate.mm */; };
		93AFEDCA24ADC84A006D328A /* PareizrakstibaSpellServer.mm in Sources */ = {isa = PBXBuildFile; fileRef = 93AFEDBF24AD318B006D328A /* PareizrakstibaSpellServer.mm */; };
		93AFEDCF24ADCAD7006D328A /* PareizrakstibaSpellChecker.mm in Sources */ = {isa = PBXBuildFile; fileRef = 93AFEDBA24AD318B006D328A /* PareizrakstibaSpellChecker.mm */; };
		93AFEE2624ADCD33006D328A /* Dictionaries in Resources */ = {isa = PBXBuildFile; fileRef = 93AFEE2524ADCD33006D328A /* Dictionaries */; };
		C17D05E01C67B38500C586E6 /* main.mm in Sources */ = {isa = PBXBuildFile; fileRef = C17D05DF1C67B38500C586E6 /* main.mm */; };
/* End PBXBuildFile section */

/* Begin PBXFileReference section */
		9384A34224AF37BF00C4357D /* filemgr.cxx */ = {isa = PBXFileReference; fileEncoding = 4; lastKnownFileType = sourcecode.cpp.cpp; path = filemgr.cxx; sourceTree = "<group>"; };
		9384A34324AF37BF00C4357D /* hunspell.cxx */ = {isa = PBXFileReference; fileEncoding = 4; lastKnownFileType = sourcecode.cpp.cpp; path = hunspell.cxx; sourceTree = "<group>"; };
		9384A34424AF37BF00C4357D /* htypes.hxx */ = {isa = PBXFileReference; fileEncoding = 4; lastKnownFileType = sourcecode.cpp.h; path = htypes.hxx; sourceTree = "<group>"; };
		9384A34524AF37C000C4357D /* baseaffix.hxx */ = {isa = PBXFileReference; fileEncoding = 4; lastKnownFileType = sourcecode.cpp.h; path = baseaffix.hxx; sourceTree = "<group>"; };
		9384A34624AF37C000C4357D /* replist.hxx */ = {isa = PBXFileReference; fileEncoding = 4; lastKnownFileType = sourcecode.cpp.h; path = replist.hxx; sourceTree = "<group>"; };
		9384A34724AF37C000C4357D /* suggestmgr.cxx */ = {isa = PBXFileReference; fileEncoding = 4; lastKnownFileType = sourcecode.cpp.cpp; path = suggestmgr.cxx; sourceTree = "<group>"; };
		9384A34824AF37C000C4357D /* phonet.hxx */ = {isa = PBXFileReference; fileEncoding = 4; lastKnownFileType = sourcecode.cpp.h; path = phonet.hxx; sourceTree = "<group>"; };
		9384A34924AF37C000C4357D /* hunzip.hxx */ = {isa = PBXFileReference; fileEncoding = 4; lastKnownFileType = sourcecode.cpp.h; path = hunzip.hxx; sourceTree = "<group>"; };
		9384A34A24AF37C000C4357D /* w_char.hxx */ = {isa = PBXFileReference; fileEncoding = 4; lastKnownFileType = sourcecode.cpp.h; path = w_char.hxx; sourceTree = "<group>"; };
		9384A34B24AF37C000C4357D /* hashmgr.hxx */ = {isa = PBXFileReference; fileEncoding = 4; lastKnownFileType = sourcecode.cpp.h; path = hashmgr.hxx; sourceTree = "<group>"; };
		9384A34C24AF37C000C4357D /* csutil.hxx */ = {isa = PBXFileReference; fileEncoding = 4; lastKnownFileType = sourcecode.cpp.h; path = csutil.hxx; sourceTree = "<group>"; };
		9384A34D24AF37C000C4357D /* affixmgr.hxx */ = {isa = PBXFileReference; fileEncoding = 4; lastKnownFileType = sourcecode.cpp.h; path = affixmgr.hxx; sourceTree = "<group>"; };
		9384A34E24AF37C000C4357D /* affentry.hxx */ = {isa = PBXFileReference; fileEncoding = 4; lastKnownFileType = sourcecode.cpp.h; path = affentry.hxx; sourceTree = "<group>"; };
		9384A35024AF37C000C4357D /* hunzip.cxx */ = {isa = PBXFileReference; fileEncoding = 4; lastKnownFileType = sourcecode.cpp.cpp; path = hunzip.cxx; sourceTree = "<group>"; };
		9384A35124AF37C000C4357D /* utf_info.hxx */ = {isa = PBXFileReference; fileEncoding = 4; lastKnownFileType = sourcecode.cpp.h; path = utf_info.hxx; sourceTree = "<group>"; };
		9384A35224AF37C000C4357D /* csutil.cxx */ = {isa = PBXFileReference; fileEncoding = 4; lastKnownFileType = sourcecode.cpp.cpp; path = csutil.cxx; sourceTree = "<group>"; };
		9384A35324AF37C000C4357D /* hashmgr.cxx */ = {isa = PBXFileReference; fileEncoding = 4; lastKnownFileType = sourcecode.cpp.cpp; path = hashmgr.cxx; sourceTree = "<group>"; };
		9384A35424AF37C000C4357D /* hunspell.h */ = {isa = PBXFileReference; fileEncoding = 4; lastKnownFileType = sourcecode.c.h; path = hunspell.h; sourceTree = "<group>"; };
		9384A35524AF37C000C4357D /* affixmgr.cxx */ = {isa = PBXFileReference; fileEncoding = 4; lastKnownFileType = sourcecode.cpp.cpp; path = affixmgr.cxx; sourceTree = "<group>"; };
		9384A35624AF37C000C4357D /* atypes.hxx */ = {isa = PBXFileReference; fileEncoding = 4; lastKnownFileType = sourcecode.cpp.h; path = atypes.hxx; sourceTree = "<group>"; };
		9384A35724AF37C000C4357D /* langnum.hxx */ = {isa = PBXFileReference; fileEncoding = 4; lastKnownFileType = sourcecode.cpp.h; path = langnum.hxx; sourceTree = "<group>"; };
		9384A35824AF37C000C4357D /* affentry.cxx */ = {isa = PBXFileReference; fileEncoding = 4; lastKnownFileType = sourcecode.cpp.cpp; path = affentry.cxx; sourceTree = "<group>"; };
		9384A35924AF37C000C4357D /* hunvisapi.h */ = {isa = PBXFileReference; fileEncoding = 4; lastKnownFileType = sourcecode.c.h; path = hunvisapi.h; sourceTree = "<group>"; };
		9384A35A24AF37C000C4357D /* filemgr.hxx */ = {isa = PBXFileReference; fileEncoding = 4; lastKnownFileType = sourcecode.cpp.h; path = filemgr.hxx; sourceTree = "<group>"; };
		9384A35B24AF37C000C4357D /* hunspell.hxx */ = {isa = PBXFileReference; fileEncoding = 4; lastKnownFileType = sourcecode.cpp.h; path = hunspell.hxx; sourceTree = "<group>"; };
		9384A35D24AF37C000C4357D /* replist.cxx */ = {isa = PBXFileReference; fileEncoding = 4; lastKnownFileType = sourcecode.cpp.cpp; path = replist.cxx; sourceTree = "<group>"; };
		9384A35E24AF37C000C4357D /* suggestmgr.hxx */ = {isa = PBXFileReference; fileEncoding = 4; lastKnownFileType = sourcecode.cpp.h; path = suggestmgr.hxx; sourceTree = "<group>"; };
		9384A35F24AF37C000C4357D /* phonet.cxx */ = {isa = PBXFileReference; fileEncoding = 4; lastKnownFileType = sourcecode.cpp.cpp; path = phonet.cxx; sourceTree = "<group>"; };
		9384A36C24AF37DA00C4357D /* config.h */ = {isa = PBXFileReference; fileEncoding = 4; lastKnownFileType = sourcecode.c.h; name = config.h; path = hunspell/config.h; sourceTree = SOURCE_ROOT; };
		93AFEDB724AD318B006D328A /* Pareizrakstiba.icns */ = {isa = PBXFileReference; lastKnownFileType = image.icns; path = Pareizrakstiba.icns; sourceTree = "<group>"; };
		93AFEDB924AD318B006D328A /* PareizrakstibaSpellChecker.h */ = {isa = PBXFileReference; fileEncoding = 4; lastKnownFileType = sourcecode.c.h; path = PareizrakstibaSpellChecker.h; sourceTree = "<group>"; };
		93AFEDBA24AD318B006D328A /* PareizrakstibaSpellChecker.mm */ = {isa = PBXFileReference; fileEncoding = 4; lastKnownFileType = sourcecode.cpp.objcpp; path = PareizrakstibaSpellChecker.mm; sourceTree = "<group>"; };
		93AFEDBC24AD318B006D328A /* PareizrakstibaDelegate.h */ = {isa = PBXFileReference; fileEncoding = 4; lastKnownFileType = sourcecode.c.h; path = PareizrakstibaDelegate.h; sourceTree = "<group>"; };
		93AFEDBD24AD318B006D328A /* PareizrakstibaDelegate.mm */ = {isa = PBXFileReference; fileEncoding = 4; lastKnownFileType = sourcecode.cpp.objcpp; path = PareizrakstibaDelegate.mm; sourceTree = "<group>"; };
		93AFEDBF24AD318B006D328A /* PareizrakstibaSpellServer.mm */ = {isa = PBXFileReference; fileEncoding = 4; lastKnownFileType = sourcecode.cpp.objcpp; path = PareizrakstibaSpellServer.mm; sourceTree = "<group>"; };
		93AFEDC024AD318B006D328A /* PareizrakstibaSpellServer.h */ = {isa = PBXFileReference; fileEncoding = 4; lastKnownFileType = sourcecode.c.h; path = PareizrakstibaSpellServer.h; sourceTree = "<group>"; };
		93AFEE2524ADCD33006D328A /* Dictionaries */ = {isa = PBXFileReference; lastKnownFileType = folder; path = Dictionaries; sourceTree = "<group>"; };
		C17D05D81C67B38500C586E6 /* Pareizrakstiba.service */ = {isa = PBXFileReference; explicitFileType = wrapper.application; includeInIndex = 0; path = Pareizrakstiba.service; sourceTree = BUILT_PRODUCTS_DIR; };
		C17D05DF1C67B38500C586E6 /* main.mm */ = {isa = PBXFileReference; lastKnownFileType = sourcecode.cpp.objcpp; path = main.mm; sourceTree = "<group>"; };
		C17D05E61C67B38500C586E6 /* Info.plist */ = {isa = PBXFileReference; lastKnownFileType = text.plist.xml; path = Info.plist; sourceTree = "<group>"; };
/* End PBXFileReference section */

/* Begin PBXFrameworksBuildPhase section */
		C17D05D51C67B38500C586E6 /* Frameworks */ = {
			isa = PBXFrameworksBuildPhase;
			buildActionMask = 2147483647;
			files = (
			);
			runOnlyForDeploymentPostprocessing = 0;
		};
/* End PBXFrameworksBuildPhase section */

/* Begin PBXGroup section */
		9384A34124AF37BF00C4357D /* hunspell */ = {
			isa = PBXGroup;
			children = (
				9384A36C24AF37DA00C4357D /* config.h */,
				9384A34224AF37BF00C4357D /* filemgr.cxx */,
				9384A34324AF37BF00C4357D /* hunspell.cxx */,
				9384A34424AF37BF00C4357D /* htypes.hxx */,
				9384A34524AF37C000C4357D /* baseaffix.hxx */,
				9384A34624AF37C000C4357D /* replist.hxx */,
				9384A34724AF37C000C4357D /* suggestmgr.cxx */,
				9384A34824AF37C000C4357D /* phonet.hxx */,
				9384A34924AF37C000C4357D /* hunzip.hxx */,
				9384A34A24AF37C000C4357D /* w_char.hxx */,
				9384A34B24AF37C000C4357D /* hashmgr.hxx */,
				9384A34C24AF37C000C4357D /* csutil.hxx */,
				9384A34D24AF37C000C4357D /* affixmgr.hxx */,
				9384A34E24AF37C000C4357D /* affentry.hxx */,
				9384A35024AF37C000C4357D /* hunzip.cxx */,
				9384A35124AF37C000C4357D /* utf_info.hxx */,
				9384A35224AF37C000C4357D /* csutil.cxx */,
				9384A35324AF37C000C4357D /* hashmgr.cxx */,
				9384A35424AF37C000C4357D /* hunspell.h */,
				9384A35524AF37C000C4357D /* affixmgr.cxx */,
				9384A35624AF37C000C4357D /* atypes.hxx */,
				9384A35724AF37C000C4357D /* langnum.hxx */,
				9384A35824AF37C000C4357D /* affentry.cxx */,
				9384A35924AF37C000C4357D /* hunvisapi.h */,
				9384A35A24AF37C000C4357D /* filemgr.hxx */,
				9384A35B24AF37C000C4357D /* hunspell.hxx */,
				9384A35D24AF37C000C4357D /* replist.cxx */,
				9384A35E24AF37C000C4357D /* suggestmgr.hxx */,
				9384A35F24AF37C000C4357D /* phonet.cxx */,
			);
			name = hunspell;
			path = hunspell/hunspell/src/hunspell;
			sourceTree = "<group>";
		};
		93AFEDB824AD318B006D328A /* SpellChecker */ = {
			isa = PBXGroup;
			children = (
				93AFEDB924AD318B006D328A /* PareizrakstibaSpellChecker.h */,
				93AFEDBA24AD318B006D328A /* PareizrakstibaSpellChecker.mm */,
			);
			path = SpellChecker;
			sourceTree = "<group>";
		};
		93AFEDBB24AD318B006D328A /* SpellDelegate */ = {
			isa = PBXGroup;
			children = (
				93AFEDBC24AD318B006D328A /* PareizrakstibaDelegate.h */,
				93AFEDBD24AD318B006D328A /* PareizrakstibaDelegate.mm */,
			);
			path = SpellDelegate;
			sourceTree = "<group>";
		};
		93AFEDBE24AD318B006D328A /* SpellServer */ = {
			isa = PBXGroup;
			children = (
				93AFEDC024AD318B006D328A /* PareizrakstibaSpellServer.h */,
				93AFEDBF24AD318B006D328A /* PareizrakstibaSpellServer.mm */,
			);
			path = SpellServer;
			sourceTree = "<group>";
		};
		C17D05CF1C67B38500C586E6 = {
			isa = PBXGroup;
			children = (
				9384A34124AF37BF00C4357D /* hunspell */,
				93AFEE2524ADCD33006D328A /* Dictionaries */,
				C17D05DA1C67B38500C586E6 /* Pareizrakstiba */,
				C17D05D91C67B38500C586E6 /* Products */,
			);
			sourceTree = "<group>";
		};
		C17D05D91C67B38500C586E6 /* Products */ = {
			isa = PBXGroup;
			children = (
				C17D05D81C67B38500C586E6 /* Pareizrakstiba.service */,
			);
			name = Products;
			sourceTree = "<group>";
		};
		C17D05DA1C67B38500C586E6 /* Pareizrakstiba */ = {
			isa = PBXGroup;
			children = (
				93AFEDB724AD318B006D328A /* Pareizrakstiba.icns */,
				93AFEDB824AD318B006D328A /* SpellChecker */,
				93AFEDBB24AD318B006D328A /* SpellDelegate */,
				93AFEDBE24AD318B006D328A /* SpellServer */,
				C17D05E61C67B38500C586E6 /* Info.plist */,
				C17D05DF1C67B38500C586E6 /* main.mm */,
			);
			path = Pareizrakstiba;
			sourceTree = "<group>";
		};
/* End PBXGroup section */

/* Begin PBXNativeTarget section */
		C17D05D71C67B38500C586E6 /* Pareizrakstiba */ = {
			isa = PBXNativeTarget;
			buildConfigurationList = C17D05E91C67B38500C586E6 /* Build configuration list for PBXNativeTarget "Pareizrakstiba" */;
			buildPhases = (
				C17D05D41C67B38500C586E6 /* Sources */,
				C17D05D51C67B38500C586E6 /* Frameworks */,
				C17D05D61C67B38500C586E6 /* Resources */,
			);
			buildRules = (
			);
			dependencies = (
			);
			name = Pareizrakstiba;
			productName = Pareizrakstiba;
			productReference = C17D05D81C67B38500C586E6 /* Pareizrakstiba.service */;
			productType = "com.apple.product-type.application";
		};
/* End PBXNativeTarget section */

/* Begin PBXProject section */
		C17D05D01C67B38500C586E6 /* Project object */ = {
			isa = PBXProject;
			attributes = {
				LastUpgradeCheck = 1150;
				ORGANIZATIONNAME = WARP;
				TargetAttributes = {
					C17D05D71C67B38500C586E6 = {
						CreatedOnToolsVersion = 7.2;
					};
				};
			};
			buildConfigurationList = C17D05D31C67B38500C586E6 /* Build configuration list for PBXProject "Pareizrakstiba" */;
			compatibilityVersion = "Xcode 3.2";
			developmentRegion = en;
			hasScannedForEncodings = 0;
			knownRegions = (
				en,
				Base,
			);
			mainGroup = C17D05CF1C67B38500C586E6;
			productRefGroup = C17D05D91C67B38500C586E6 /* Products */;
			projectDirPath = "";
			projectRoot = "";
			targets = (
				C17D05D71C67B38500C586E6 /* Pareizrakstiba */,
			);
		};
/* End PBXProject section */

/* Begin PBXResourcesBuildPhase section */
		C17D05D61C67B38500C586E6 /* Resources */ = {
			isa = PBXResourcesBuildPhase;
			buildActionMask = 2147483647;
			files = (
				93AFEE2624ADCD33006D328A /* Dictionaries in Resources */,
				93AFEDC124AD318B006D328A /* Pareizrakstiba.icns in Resources */,
			);
			runOnlyForDeploymentPostprocessing = 0;
		};
/* End PBXResourcesBuildPhase section */

/* Begin PBXSourcesBuildPhase section */
		C17D05D41C67B38500C586E6 /* Sources */ = {
			isa = PBXSourcesBuildPhase;
			buildActionMask = 2147483647;
			files = (
				9384A36524AF37C000C4357D /* csutil.cxx in Sources */,
				9384A36224AF37C000C4357D /* suggestmgr.cxx in Sources */,
				9384A36624AF37C000C4357D /* hashmgr.cxx in Sources */,
				9384A36A24AF37C000C4357D /* replist.cxx in Sources */,
				9384A36424AF37C000C4357D /* hunzip.cxx in Sources */,
				9384A36824AF37C000C4357D /* affentry.cxx in Sources */,
				9384A36024AF37C000C4357D /* filemgr.cxx in Sources */,
				9384A36B24AF37C000C4357D /* phonet.cxx in Sources */,
				93AFEDC924ADC590006D328A /* PareizrakstibaDelegate.mm in Sources */,
				9384A36724AF37C000C4357D /* affixmgr.cxx in Sources */,
				9384A36124AF37C000C4357D /* hunspell.cxx in Sources */,
				C17D05E01C67B38500C586E6 /* main.mm in Sources */,
				93AFEDCF24ADCAD7006D328A /* PareizrakstibaSpellChecker.mm in Sources */,
				93AFEDCA24ADC84A006D328A /* PareizrakstibaSpellServer.mm in Sources */,
			);
			runOnlyForDeploymentPostprocessing = 0;
		};
/* End PBXSourcesBuildPhase section */

/* Begin XCBuildConfiguration section */
		C17D05E71C67B38500C586E6 /* Debug */ = {
			isa = XCBuildConfiguration;
			buildSettings = {
				ALWAYS_SEARCH_USER_PATHS = NO;
				CLANG_ANALYZER_LOCALIZABILITY_NONLOCALIZED = YES;
				CLANG_CXX_LANGUAGE_STANDARD = "gnu++0x";
				CLANG_CXX_LIBRARY = "libc++";
				CLANG_ENABLE_MODULES = YES;
				CLANG_ENABLE_OBJC_ARC = NO;
				CLANG_WARN_BLOCK_CAPTURE_AUTORELEASING = YES;
				CLANG_WARN_BOOL_CONVERSION = YES;
				CLANG_WARN_COMMA = YES;
				CLANG_WARN_CONSTANT_CONVERSION = YES;
				CLANG_WARN_DEPRECATED_OBJC_IMPLEMENTATIONS = YES;
				CLANG_WARN_DIRECT_OBJC_ISA_USAGE = YES_ERROR;
				CLANG_WARN_EMPTY_BODY = YES;
				CLANG_WARN_ENUM_CONVERSION = YES;
				CLANG_WARN_INFINITE_RECURSION = YES;
				CLANG_WARN_INT_CONVERSION = YES;
				CLANG_WARN_NON_LITERAL_NULL_CONVERSION = YES;
				CLANG_WARN_OBJC_IMPLICIT_RETAIN_SELF = YES;
				CLANG_WARN_OBJC_LITERAL_CONVERSION = YES;
				CLANG_WARN_OBJC_ROOT_CLASS = YES_ERROR;
				CLANG_WARN_RANGE_LOOP_ANALYSIS = YES;
				CLANG_WARN_STRICT_PROTOTYPES = YES;
				CLANG_WARN_SUSPICIOUS_MOVE = YES;
				CLANG_WARN_UNREACHABLE_CODE = YES;
				CLANG_WARN__DUPLICATE_METHOD_MATCH = YES;
				CODE_SIGN_IDENTITY = "-";
				COPY_PHASE_STRIP = NO;
				DEBUG_INFORMATION_FORMAT = dwarf;
				ENABLE_STRICT_OBJC_MSGSEND = YES;
				ENABLE_TESTABILITY = YES;
				GCC_C_LANGUAGE_STANDARD = gnu99;
				GCC_DYNAMIC_NO_PIC = NO;
				GCC_NO_COMMON_BLOCKS = YES;
				GCC_OPTIMIZATION_LEVEL = 0;
				GCC_PREPROCESSOR_DEFINITIONS = (
					"DEBUG=1",
					"$(inherited)",
				);
				GCC_WARN_64_TO_32_BIT_CONVERSION = YES;
				GCC_WARN_ABOUT_RETURN_TYPE = YES_ERROR;
				GCC_WARN_UNDECLARED_SELECTOR = YES;
				GCC_WARN_UNINITIALIZED_AUTOS = YES_AGGRESSIVE;
				GCC_WARN_UNUSED_FUNCTION = YES;
				GCC_WARN_UNUSED_VARIABLE = YES;
				INSTALL_PATH = "$(LOCAL_LIBRARY_DIR)/Services";
				MACOSX_DEPLOYMENT_TARGET = 10.13;
				ONLY_ACTIVE_ARCH = YES;
				SDKROOT = macosx;
			};
			name = Debug;
		};
		C17D05E81C67B38500C586E6 /* Release */ = {
			isa = XCBuildConfiguration;
			buildSettings = {
				ALWAYS_SEARCH_USER_PATHS = NO;
				CLANG_ANALYZER_LOCALIZABILITY_NONLOCALIZED = YES;
				CLANG_CXX_LANGUAGE_STANDARD = "gnu++0x";
				CLANG_CXX_LIBRARY = "libc++";
				CLANG_ENABLE_MODULES = YES;
				CLANG_ENABLE_OBJC_ARC = NO;
				CLANG_WARN_BLOCK_CAPTURE_AUTORELEASING = YES;
				CLANG_WARN_BOOL_CONVERSION = YES;
				CLANG_WARN_COMMA = YES;
				CLANG_WARN_CONSTANT_CONVERSION = YES;
				CLANG_WARN_DEPRECATED_OBJC_IMPLEMENTATIONS = YES;
				CLANG_WARN_DIRECT_OBJC_ISA_USAGE = YES_ERROR;
				CLANG_WARN_EMPTY_BODY = YES;
				CLANG_WARN_ENUM_CONVERSION = YES;
				CLANG_WARN_INFINITE_RECURSION = YES;
				CLANG_WARN_INT_CONVERSION = YES;
				CLANG_WARN_NON_LITERAL_NULL_CONVERSION = YES;
				CLANG_WARN_OBJC_IMPLICIT_RETAIN_SELF = YES;
				CLANG_WARN_OBJC_LITERAL_CONVERSION = YES;
				CLANG_WARN_OBJC_ROOT_CLASS = YES_ERROR;
				CLANG_WARN_RANGE_LOOP_ANALYSIS = YES;
				CLANG_WARN_STRICT_PROTOTYPES = YES;
				CLANG_WARN_SUSPICIOUS_MOVE = YES;
				CLANG_WARN_UNREACHABLE_CODE = YES;
				CLANG_WARN__DUPLICATE_METHOD_MATCH = YES;
				CODE_SIGN_IDENTITY = "-";
				COPY_PHASE_STRIP = NO;
				DEBUG_INFORMATION_FORMAT = "dwarf-with-dsym";
				ENABLE_NS_ASSERTIONS = NO;
				ENABLE_STRICT_OBJC_MSGSEND = YES;
				GCC_C_LANGUAGE_STANDARD = gnu99;
				GCC_NO_COMMON_BLOCKS = YES;
				GCC_WARN_64_TO_32_BIT_CONVERSION = YES;
				GCC_WARN_ABOUT_RETURN_TYPE = YES_ERROR;
				GCC_WARN_UNDECLARED_SELECTOR = YES;
				GCC_WARN_UNINITIALIZED_AUTOS = YES_AGGRESSIVE;
				GCC_WARN_UNUSED_FUNCTION = YES;
				GCC_WARN_UNUSED_VARIABLE = YES;
				INSTALL_PATH = "$(LOCAL_LIBRARY_DIR)/Services";
				MACOSX_DEPLOYMENT_TARGET = 10.13;
				SDKROOT = macosx;
			};
			name = Release;
		};
		C17D05EA1C67B38500C586E6 /* Debug */ = {
			isa = XCBuildConfiguration;
			buildSettings = {
				COMBINE_HIDPI_IMAGES = YES;
				INFOPLIST_FILE = Pareizrakstiba/Info.plist;
				LD_RUNPATH_SEARCH_PATHS = "$(inherited) @executable_path/../Frameworks";
				PRODUCT_BUNDLE_IDENTIFIER = lv.warp.Pareizrakstiba;
				PRODUCT_NAME = "$(TARGET_NAME)";
				WRAPPER_EXTENSION = service;
			};
			name = Debug;
		};
		C17D05EB1C67B38500C586E6 /* Release */ = {
			isa = XCBuildConfiguration;
			buildSettings = {
				COMBINE_HIDPI_IMAGES = YES;
				INFOPLIST_FILE = Pareizrakstiba/Info.plist;
				LD_RUNPATH_SEARCH_PATHS = "$(inherited) @executable_path/../Frameworks";
				PRODUCT_BUNDLE_IDENTIFIER = lv.warp.Pareizrakstiba;
				PRODUCT_NAME = "$(TARGET_NAME)";
				WRAPPER_EXTENSION = service;
			};
			name = Release;
		};
/* End XCBuildConfiguration section */

/* Begin XCConfigurationList section */
		C17D05D31C67B38500C586E6 /* Build configuration list for PBXProject "Pareizrakstiba" */ = {
			isa = XCConfigurationList;
			buildConfigurations = (
				C17D05E71C67B38500C586E6 /* Debug */,
				C17D05E81C67B38500C586E6 /* Release */,
			);
			defaultConfigurationIsVisible = 0;
			defaultConfigurationName = Release;
		};
		C17D05E91C67B38500C586E6 /* Build configuration list for PBXNativeTarget "Pareizrakstiba" */ = {
			isa = XCConfigurationList;
			buildConfigurations = (
				C17D05EA1C67B38500C586E6 /* Debug */,
				C17D05EB1C67B38500C586E6 /* Release */,
			);
			defaultConfigurationIsVisible = 0;
			defaultConfigurationName = Release;
		};
/* End XCConfigurationList section */
	};
	rootObject = C17D05D01C67B38500C586E6 /* Project object */;
}
